<?xml version="1.0" encoding="utf-8"?>
<Project ToolsVersion="4.0" xmlns="http://schemas.microsoft.com/developer/msbuild/2003">
  <ItemGroup>
    <Filter Include="Source Files">
      <UniqueIdentifier>{4FC737F1-C7A5-4376-A066-2A32D752A2FF}</UniqueIdentifier>
      <Extensions>cpp;c;cc;cxx;c++;cppm;ixx;def;odl;idl;hpj;bat;asm;asmx</Extensions>
    </Filter>
    <Filter Include="Header Files">
      <UniqueIdentifier>{93995380-89BD-4b04-88EB-625FBE52EBFB}</UniqueIdentifier>
      <Extensions>h;hh;hpp;hxx;h++;hm;inl;inc;ipp;xsd</Extensions>
    </Filter>
    <Filter Include="Resource Files">
      <UniqueIdentifier>{67DA6AB6-F800-4c08-8B7A-83BB121AAD01}</UniqueIdentifier>
      <Extensions>rc;ico;cur;bmp;dlg;rc2;rct;bin;rgs;gif;jpg;jpeg;jpe;resx;tiff;tif;png;wav;mfcribbon-ms</Extensions>
    </Filter>
    <Filter Include="Header Files\general">
      <UniqueIdentifier>{2df6c06e-7804-4a01-b2fb-85f37f12f20c}</UniqueIdentifier>
    </Filter>
    <Filter Include="Header Files\general\global">
      <UniqueIdentifier>{b336ecde-21d2-4f9e-83b2-f1006dccbe60}</UniqueIdentifier>
    </Filter>
    <Filter Include="Resource Files\global">
      <UniqueIdentifier>{e27c7545-bb8d-4ec2-b9dc-71fea1829001}</UniqueIdentifier>
    </Filter>
    <Filter Include="Source Files\general">
      <UniqueIdentifier>{b74150cf-75d1-4227-aa3c-b84b3a060729}</UniqueIdentifier>
    </Filter>
    <Filter Include="Source Files\dev">
      <UniqueIdentifier>{e8babf05-1488-4d8e-bbda-1d3d3e85d4fc}</UniqueIdentifier>
    </Filter>
    <Filter Include="Header Files\dev">
      <UniqueIdentifier>{18ae8d86-3be7-424d-a8b5-abed0b120040}</UniqueIdentifier>
    </Filter>
  </ItemGroup>
  <ItemGroup>
    <ClCompile Include="main.cpp">
      <Filter>Source Files</Filter>
    </ClCompile>
    <ClCompile Include="$(GitHub_rl_libs)src\graphics.fonts.bitmap.reader.cpp">
      <Filter>Source Files\general</Filter>
    </ClCompile>
    <ClCompile Include="$(GitHub_rl_libs)src\graphics.fonts.bitmap.creator.cpp">
      <Filter>Source Files\dev</Filter>
    </ClCompile>
    <ClCompile Include="$(GitHub_rl_libs)src\unicode.cpp">
      <Filter>Source Files\general</Filter>
    </ClCompile>
  </ItemGroup>
  <ItemGroup>
    <ClInclude Include="$(GitHub_rl_libs)include\rl\graphics.fonts.bitmap.reader.hpp">
      <Filter>Header Files\general</Filter>
    </ClInclude>
    <ClInclude Include="$(GitHub_rl_libs)include\rl\graphics.fonts.bitmap.creator.hpp">
      <Filter>Header Files\dev</Filter>
    </ClInclude>
    <ClInclude Include="$(GitHub_rl_libs)include\rl\unicode.hpp">
      <Filter>Header Files\general</Filter>
    </ClInclude>
    <ClInclude Include="$(GitHub_rl_libs)include\rl\graphics.fonts.bitmap.legacy.hpp">
      <Filter>Header Files\general</Filter>
    </ClInclude>
  </ItemGroup>
</Project>