
Microsoft Visual Studio Solution File, Format Version 12.00
# Visual Studio Version 17
VisualStudioVersion = 17.1.32319.34
MinimumVisualStudioVersion = 10.0.40219.1
Project("{8BC9CEB8-8B4A-11D0-8D11-00A0C91BC942}") = "UnicodeData", "..\..\src\UnicodeData\UnicodeData.vcxproj", "{7D6B95B7-CB63-4971-8197-F2F852650E7A}"
EndProject
Project("{8BC9CEB8-8B4A-11D0-8D11-00A0C91BC942}") = "UnicodeData_Generator", "..\..\tools\UnicodeData_Generator\UnicodeData_Generator.vcxproj", "{4B3FCB1D-1FA5-42BB-9148-98411F8A2AAC}"
EndProject
Project("{8BC9CEB8-8B4A-11D0-8D11-00A0C91BC942}") = "UnicodeDataTest", "..\..\test\libraries\UnicodeData\UnicodeDataTest.vcxproj", "{D2C45470-EC8C-41B8-AF1F-0DEB1A3CFE9B}"
EndProject
Project("{8BC9CEB8-8B4A-11D0-8D11-00A0C91BC942}") = "RasterFontReader", "..\..\src\RasterFontReader\RasterFontReader.vcxproj", "{C1DA117F-B51F-47CC-B953-F6963CFEEE7D}"
EndProject
Project("{8BC9CEB8-8B4A-11D0-8D11-00A0C91BC942}") = "RasterFontReader_Test", "..\..\test\libraries\RasterFontReader\RasterFontReader_Test.vcxproj", "{9352D34A-3486-4194-B32C-D96871C63EF1}"
EndProject
Global
	GlobalSection(SolutionConfigurationPlatforms) = preSolution
		Debug|x64 = Debug|x64
		Debug|x86 = Debug|x86
		Release|x64 = Release|x64
		Release|x86 = Release|x86
	EndGlobalSection
	GlobalSection(ProjectConfigurationPlatforms) = postSolution
		{7D6B95B7-CB63-4971-8197-F2F852650E7A}.Debug|x64.ActiveCfg = Debug|x64
		{7D6B95B7-CB63-4971-8197-F2F852650E7A}.Debug|x64.Build.0 = Debug|x64
		{7D6B95B7-CB63-4971-8197-F2F852650E7A}.Debug|x86.ActiveCfg = Debug|Win32
		{7D6B95B7-CB63-4971-8197-F2F852650E7A}.Debug|x86.Build.0 = Debug|Win32
		{7D6B95B7-CB63-4971-8197-F2F852650E7A}.Release|x64.ActiveCfg = Release|x64
		{7D6B95B7-CB63-4971-8197-F2F852650E7A}.Release|x64.Build.0 = Release|x64
		{7D6B95B7-CB63-4971-8197-F2F852650E7A}.Release|x86.ActiveCfg = Release|Win32
		{7D6B95B7-CB63-4971-8197-F2F852650E7A}.Release|x86.Build.0 = Release|Win32
		{4B3FCB1D-1FA5-42BB-9148-98411F8A2AAC}.Debug|x64.ActiveCfg = Debug|x64
		{4B3FCB1D-1FA5-42BB-9148-98411F8A2AAC}.Debug|x64.Build.0 = Debug|x64
		{4B3FCB1D-1FA5-42BB-9148-98411F8A2AAC}.Debug|x86.ActiveCfg = Debug|Win32
		{4B3FCB1D-1FA5-42BB-9148-98411F8A2AAC}.Debug|x86.Build.0 = Debug|Win32
		{4B3FCB1D-1FA5-42BB-9148-98411F8A2AAC}.Release|x64.ActiveCfg = Release|x64
		{4B3FCB1D-1FA5-42BB-9148-98411F8A2AAC}.Release|x64.Build.0 = Release|x64
		{4B3FCB1D-1FA5-42BB-9148-98411F8A2AAC}.Release|x86.ActiveCfg = Release|Win32
		{4B3FCB1D-1FA5-42BB-9148-98411F8A2AAC}.Release|x86.Build.0 = Release|Win32
		{D2C45470-EC8C-41B8-AF1F-0DEB1A3CFE9B}.Debug|x64.ActiveCfg = Debug|x64
		{D2C45470-EC8C-41B8-AF1F-0DEB1A3CFE9B}.Debug|x64.Build.0 = Debug|x64
		{D2C45470-EC8C-41B8-AF1F-0DEB1A3CFE9B}.Debug|x86.ActiveCfg = Debug|Win32
		{D2C45470-EC8C-41B8-AF1F-0DEB1A3CFE9B}.Debug|x86.Build.0 = Debug|Win32
		{D2C45470-EC8C-41B8-AF1F-0DEB1A3CFE9B}.Release|x64.ActiveCfg = Release|x64
		{D2C45470-EC8C-41B8-AF1F-0DEB1A3CFE9B}.Release|x64.Build.0 = Release|x64
		{D2C45470-EC8C-41B8-AF1F-0DEB1A3CFE9B}.Release|x86.ActiveCfg = Release|Win32
		{D2C45470-EC8C-41B8-AF1F-0DEB1A3CFE9B}.Release|x86.Build.0 = Release|Win32
		{C1DA117F-B51F-47CC-B953-F6963CFEEE7D}.Debug|x64.ActiveCfg = Debug|x64
		{C1DA117F-B51F-47CC-B953-F6963CFEEE7D}.Debug|x64.Build.0 = Debug|x64
		{C1DA117F-B51F-47CC-B953-F6963CFEEE7D}.Debug|x86.ActiveCfg = Debug|Win32
		{C1DA117F-B51F-47CC-B953-F6963CFEEE7D}.Debug|x86.Build.0 = Debug|Win32
		{C1DA117F-B51F-47CC-B953-F6963CFEEE7D}.Release|x64.ActiveCfg = Release|x64
		{C1DA117F-B51F-47CC-B953-F6963CFEEE7D}.Release|x64.Build.0 = Release|x64
		{C1DA117F-B51F-47CC-B953-F6963CFEEE7D}.Release|x86.ActiveCfg = Release|Win32
		{C1DA117F-B51F-47CC-B953-F6963CFEEE7D}.Release|x86.Build.0 = Release|Win32
		{9352D34A-3486-4194-B32C-D96871C63EF1}.Debug|x64.ActiveCfg = Debug|x64
		{9352D34A-3486-4194-B32C-D96871C63EF1}.Debug|x64.Build.0 = Debug|x64
		{9352D34A-3486-4194-B32C-D96871C63EF1}.Debug|x86.ActiveCfg = Debug|Win32
		{9352D34A-3486-4194-B32C-D96871C63EF1}.Debug|x86.Build.0 = Debug|Win32
		{9352D34A-3486-4194-B32C-D96871C63EF1}.Release|x64.ActiveCfg = Release|x64
		{9352D34A-3486-4194-B32C-D96871C63EF1}.Release|x64.Build.0 = Release|x64
		{9352D34A-3486-4194-B32C-D96871C63EF1}.Release|x86.ActiveCfg = Release|Win32
		{9352D34A-3486-4194-B32C-D96871C63EF1}.Release|x86.Build.0 = Release|Win32
	EndGlobalSection
	GlobalSection(SolutionProperties) = preSolution
		HideSolutionNode = FALSE
	EndGlobalSection
	GlobalSection(ExtensibilityGlobals) = postSolution
		SolutionGuid = {3E0CEDB5-E7FD-44F1-AABA-6A8058A4D05E}
	EndGlobalSection
EndGlobal
