
Microsoft Visual Studio Solution File, Format Version 12.00
# Visual Studio Version 17
VisualStudioVersion = 17.0.32014.148
MinimumVisualStudioVersion = 10.0.40219.1
Project("{8BC9CEB8-8B4A-11D0-8D11-00A0C91BC942}") = "graphics.opengl.window", "..\projects\test\units\graphics.opengl.window.vcxproj", "{29ADBE36-20E1-4513-8B4D-3FA479DE1177}"
EndProject
Project("{8BC9CEB8-8B4A-11D0-8D11-00A0C91BC942}") = "splashscreen", "..\projects\test\units\splashscreen.vcxproj", "{36278131-5FA4-4994-8D41-C04DB4713CFB}"
EndProject
Project("{8BC9CEB8-8B4A-11D0-8D11-00A0C91BC942}") = "!global", "..\projects\test\!global.vcxproj", "{5B2C69BA-26C2-4528-83CC-7BCEDF33AC54}"
EndProject
Project("{8BC9CEB8-8B4A-11D0-8D11-00A0C91BC942}") = "audio.engine", "..\projects\test\units\audio.engine.vcxproj", "{AF4A32DB-A47B-4845-83DA-27920AB0DDE1}"
EndProject
Project("{8BC9CEB8-8B4A-11D0-8D11-00A0C91BC942}") = "data.online", "..\projects\test\units\data.online.vcxproj", "{58A1E418-ACF2-4A51-9A6D-60CCE1C91FDB}"
EndProject
Project("{8BC9CEB8-8B4A-11D0-8D11-00A0C91BC942}") = "audio.decoders.flac", "audio.decoders.flac\audio.decoders.flac.vcxproj", "{86E01918-0A43-4F10-B7D0-E6A38D3FCE1B}"
EndProject
Global
	GlobalSection(SolutionConfigurationPlatforms) = preSolution
		Debug|x64 = Debug|x64
		Debug|x86 = Debug|x86
		Release|x64 = Release|x64
		Release|x86 = Release|x86
	EndGlobalSection
	GlobalSection(ProjectConfigurationPlatforms) = postSolution
		{29ADBE36-20E1-4513-8B4D-3FA479DE1177}.Debug|x64.ActiveCfg = Debug|x64
		{29ADBE36-20E1-4513-8B4D-3FA479DE1177}.Debug|x64.Build.0 = Debug|x64
		{29ADBE36-20E1-4513-8B4D-3FA479DE1177}.Debug|x86.ActiveCfg = Debug|Win32
		{29ADBE36-20E1-4513-8B4D-3FA479DE1177}.Debug|x86.Build.0 = Debug|Win32
		{29ADBE36-20E1-4513-8B4D-3FA479DE1177}.Release|x64.ActiveCfg = Release|x64
		{29ADBE36-20E1-4513-8B4D-3FA479DE1177}.Release|x64.Build.0 = Release|x64
		{29ADBE36-20E1-4513-8B4D-3FA479DE1177}.Release|x86.ActiveCfg = Release|Win32
		{29ADBE36-20E1-4513-8B4D-3FA479DE1177}.Release|x86.Build.0 = Release|Win32
		{36278131-5FA4-4994-8D41-C04DB4713CFB}.Debug|x64.ActiveCfg = Debug|x64
		{36278131-5FA4-4994-8D41-C04DB4713CFB}.Debug|x64.Build.0 = Debug|x64
		{36278131-5FA4-4994-8D41-C04DB4713CFB}.Debug|x86.ActiveCfg = Debug|Win32
		{36278131-5FA4-4994-8D41-C04DB4713CFB}.Debug|x86.Build.0 = Debug|Win32
		{36278131-5FA4-4994-8D41-C04DB4713CFB}.Release|x64.ActiveCfg = Release|x64
		{36278131-5FA4-4994-8D41-C04DB4713CFB}.Release|x64.Build.0 = Release|x64
		{36278131-5FA4-4994-8D41-C04DB4713CFB}.Release|x86.ActiveCfg = Release|Win32
		{36278131-5FA4-4994-8D41-C04DB4713CFB}.Release|x86.Build.0 = Release|Win32
		{5B2C69BA-26C2-4528-83CC-7BCEDF33AC54}.Debug|x64.ActiveCfg = Debug|x64
		{5B2C69BA-26C2-4528-83CC-7BCEDF33AC54}.Debug|x64.Build.0 = Debug|x64
		{5B2C69BA-26C2-4528-83CC-7BCEDF33AC54}.Debug|x86.ActiveCfg = Debug|Win32
		{5B2C69BA-26C2-4528-83CC-7BCEDF33AC54}.Debug|x86.Build.0 = Debug|Win32
		{5B2C69BA-26C2-4528-83CC-7BCEDF33AC54}.Release|x64.ActiveCfg = Release|x64
		{5B2C69BA-26C2-4528-83CC-7BCEDF33AC54}.Release|x64.Build.0 = Release|x64
		{5B2C69BA-26C2-4528-83CC-7BCEDF33AC54}.Release|x86.ActiveCfg = Release|Win32
		{5B2C69BA-26C2-4528-83CC-7BCEDF33AC54}.Release|x86.Build.0 = Release|Win32
		{AF4A32DB-A47B-4845-83DA-27920AB0DDE1}.Debug|x64.ActiveCfg = Debug|x64
		{AF4A32DB-A47B-4845-83DA-27920AB0DDE1}.Debug|x64.Build.0 = Debug|x64
		{AF4A32DB-A47B-4845-83DA-27920AB0DDE1}.Debug|x86.ActiveCfg = Debug|Win32
		{AF4A32DB-A47B-4845-83DA-27920AB0DDE1}.Debug|x86.Build.0 = Debug|Win32
		{AF4A32DB-A47B-4845-83DA-27920AB0DDE1}.Release|x64.ActiveCfg = Release|x64
		{AF4A32DB-A47B-4845-83DA-27920AB0DDE1}.Release|x64.Build.0 = Release|x64
		{AF4A32DB-A47B-4845-83DA-27920AB0DDE1}.Release|x86.ActiveCfg = Release|Win32
		{AF4A32DB-A47B-4845-83DA-27920AB0DDE1}.Release|x86.Build.0 = Release|Win32
		{58A1E418-ACF2-4A51-9A6D-60CCE1C91FDB}.Debug|x64.ActiveCfg = Debug|x64
		{58A1E418-ACF2-4A51-9A6D-60CCE1C91FDB}.Debug|x64.Build.0 = Debug|x64
		{58A1E418-ACF2-4A51-9A6D-60CCE1C91FDB}.Debug|x86.ActiveCfg = Debug|Win32
		{58A1E418-ACF2-4A51-9A6D-60CCE1C91FDB}.Debug|x86.Build.0 = Debug|Win32
		{58A1E418-ACF2-4A51-9A6D-60CCE1C91FDB}.Release|x64.ActiveCfg = Release|x64
		{58A1E418-ACF2-4A51-9A6D-60CCE1C91FDB}.Release|x64.Build.0 = Release|x64
		{58A1E418-ACF2-4A51-9A6D-60CCE1C91FDB}.Release|x86.ActiveCfg = Release|Win32
		{58A1E418-ACF2-4A51-9A6D-60CCE1C91FDB}.Release|x86.Build.0 = Release|Win32
		{86E01918-0A43-4F10-B7D0-E6A38D3FCE1B}.Debug|x64.ActiveCfg = Debug|x64
		{86E01918-0A43-4F10-B7D0-E6A38D3FCE1B}.Debug|x64.Build.0 = Debug|x64
		{86E01918-0A43-4F10-B7D0-E6A38D3FCE1B}.Debug|x86.ActiveCfg = Debug|Win32
		{86E01918-0A43-4F10-B7D0-E6A38D3FCE1B}.Debug|x86.Build.0 = Debug|Win32
		{86E01918-0A43-4F10-B7D0-E6A38D3FCE1B}.Release|x64.ActiveCfg = Release|x64
		{86E01918-0A43-4F10-B7D0-E6A38D3FCE1B}.Release|x64.Build.0 = Release|x64
		{86E01918-0A43-4F10-B7D0-E6A38D3FCE1B}.Release|x86.ActiveCfg = Release|Win32
		{86E01918-0A43-4F10-B7D0-E6A38D3FCE1B}.Release|x86.Build.0 = Release|Win32
	EndGlobalSection
	GlobalSection(SolutionProperties) = preSolution
		HideSolutionNode = FALSE
	EndGlobalSection
	GlobalSection(ExtensibilityGlobals) = postSolution
		SolutionGuid = {F9DA5D00-588F-4EAB-91C4-B500176A5907}
	EndGlobalSection
EndGlobal
