<?xml version="1.0" encoding="utf-8"?>
<Project ToolsVersion="4.0" xmlns="http://schemas.microsoft.com/developer/msbuild/2003">
  <ItemGroup>
    <Filter Include="Source Files">
      <UniqueIdentifier>{4FC737F1-C7A5-4376-A066-2A32D752A2FF}</UniqueIdentifier>
      <Extensions>cpp;c;cc;cxx;c++;cppm;ixx;def;odl;idl;hpj;bat;asm;asmx</Extensions>
    </Filter>
    <Filter Include="Header Files">
      <UniqueIdentifier>{93995380-89BD-4b04-88EB-625FBE52EBFB}</UniqueIdentifier>
      <Extensions>h;hh;hpp;hxx;h++;hm;inl;inc;ipp;xsd</Extensions>
    </Filter>
    <Filter Include="Resource Files">
      <UniqueIdentifier>{67DA6AB6-F800-4c08-8B7A-83BB121AAD01}</UniqueIdentifier>
      <Extensions>rc;ico;cur;bmp;dlg;rc2;rct;bin;rgs;gif;jpg;jpeg;jpe;resx;tiff;tif;png;wav;mfcribbon-ms</Extensions>
    </Filter>
    <Filter Include="Header Files\general">
      <UniqueIdentifier>{762b4adc-1700-4fcd-bf4f-69ce5e8a601f}</UniqueIdentifier>
    </Filter>
    <Filter Include="Header Files\dev">
      <UniqueIdentifier>{83438f08-30df-4906-b9d3-42e324b8a378}</UniqueIdentifier>
    </Filter>
    <Filter Include="Source Files\general">
      <UniqueIdentifier>{2cfe0a32-a6cf-4bb9-9543-d9e63f45d164}</UniqueIdentifier>
    </Filter>
    <Filter Include="Source Files\dev">
      <UniqueIdentifier>{fac863b7-664a-4545-b68d-bf13110e873d}</UniqueIdentifier>
    </Filter>
  </ItemGroup>
  <ItemGroup>
    <ClCompile Include="$(GitHub_rl_libs)tools\rlFON\extractFNT\main.cpp">
      <Filter>Source Files</Filter>
    </ClCompile>
    <ClCompile Include="$(GitHub_rl_libs)src\console.cpp">
      <Filter>Source Files\general</Filter>
    </ClCompile>
    <ClCompile Include="$(GitHub_rl_libs)tools\rlFON\consoleui.cpp">
      <Filter>Source Files\dev</Filter>
    </ClCompile>
    <ClCompile Include="$(GitHub_rl_libs)tools\rlFON\parser.cpp">
      <Filter>Source Files\dev</Filter>
    </ClCompile>
  </ItemGroup>
  <ItemGroup>
    <ClInclude Include="$(GitHub_rl_libs)tools\rlFON\extractFNT\resource.h">
      <Filter>Header Files</Filter>
    </ClInclude>
    <ClInclude Include="$(GitHub_rl_libs)include\rl\console.hpp">
      <Filter>Header Files\general</Filter>
    </ClInclude>
    <ClInclude Include="$(GitHub_rl_libs)tools\rlFON\!include\consoleui.hpp">
      <Filter>Header Files\dev</Filter>
    </ClInclude>
    <ClInclude Include="$(GitHub_rl_libs)tools\rlFON\!include\parser.hpp">
      <Filter>Header Files\dev</Filter>
    </ClInclude>
  </ItemGroup>
  <ItemGroup>
    <ResourceCompile Include="$(GitHub_rl_libs)tools\rlFON\extractFNT\resource.rc">
      <Filter>Resource Files</Filter>
    </ResourceCompile>
  </ItemGroup>
  <ItemGroup>
    <Image Include="$(GitHub_rl_libs)RobinLe.ico">
      <Filter>Resource Files</Filter>
    </Image>
  </ItemGroup>
</Project>