<?xml version="1.0" encoding="utf-8"?>
<Project ToolsVersion="4.0" xmlns="http://schemas.microsoft.com/developer/msbuild/2003">
  <ItemGroup>
    <Filter Include="Source Files">
      <UniqueIdentifier>{4FC737F1-C7A5-4376-A066-2A32D752A2FF}</UniqueIdentifier>
      <Extensions>cpp;c;cc;cxx;c++;cppm;ixx;def;odl;idl;hpj;bat;asm;asmx</Extensions>
    </Filter>
    <Filter Include="Header Files">
      <UniqueIdentifier>{93995380-89BD-4b04-88EB-625FBE52EBFB}</UniqueIdentifier>
      <Extensions>h;hh;hpp;hxx;h++;hm;inl;inc;ipp;xsd</Extensions>
    </Filter>
    <Filter Include="Resource Files">
      <UniqueIdentifier>{67DA6AB6-F800-4c08-8B7A-83BB121AAD01}</UniqueIdentifier>
      <Extensions>rc;ico;cur;bmp;dlg;rc2;rct;bin;rgs;gif;jpg;jpeg;jpe;resx;tiff;tif;png;wav;mfcribbon-ms</Extensions>
    </Filter>
    <Filter Include="Header Files\general">
      <UniqueIdentifier>{7268b67b-ac0a-4d62-8e22-9b9ae477de3a}</UniqueIdentifier>
    </Filter>
    <Filter Include="Header Files\general\global">
      <UniqueIdentifier>{777790fe-b028-4b0c-9703-0f28f1f5c588}</UniqueIdentifier>
    </Filter>
    <Filter Include="Header Files\dev">
      <UniqueIdentifier>{6df1f5a4-e340-43ee-98d8-60b53641b1e5}</UniqueIdentifier>
    </Filter>
    <Filter Include="Resource Files\global">
      <UniqueIdentifier>{536be6b0-4183-4ad3-98ae-3f92a5b55d73}</UniqueIdentifier>
    </Filter>
    <Filter Include="Source Files\general">
      <UniqueIdentifier>{53f85a14-ddbc-485f-a187-455a201efcc3}</UniqueIdentifier>
    </Filter>
    <Filter Include="Source Files\dev">
      <UniqueIdentifier>{e07b335f-8590-46ca-aaba-f8685310a791}</UniqueIdentifier>
    </Filter>
  </ItemGroup>
  <ItemGroup>
    <ClCompile Include="$(GitHub_rl_libs)tools\rlFON\FontFace\main.cpp">
      <Filter>Source Files</Filter>
    </ClCompile>
    <ClCompile Include="$(GitHub_rl_libs)src\console.cpp">
      <Filter>Source Files\general</Filter>
    </ClCompile>
    <ClCompile Include="$(GitHub_rl_libs)tools\rlFON\consoleui.cpp">
      <Filter>Source Files\dev</Filter>
    </ClCompile>
    <ClCompile Include="$(GitHub_rl_libs)tools\rlFON\parser.cpp">
      <Filter>Source Files\dev</Filter>
    </ClCompile>
    <ClCompile Include="$(GitHub_rl_libs)tools\rlFON\rlfnt.cpp">
      <Filter>Source Files\dev</Filter>
    </ClCompile>
  </ItemGroup>
  <ItemGroup>
    <ClInclude Include="$(GitHub_rl_libs)tools\rlFON\FontFace\resource.h">
      <Filter>Header Files</Filter>
    </ClInclude>
    <ClInclude Include="$(GitHub_rl_libs)include\rl\console.hpp">
      <Filter>Header Files\general</Filter>
    </ClInclude>
    <ClInclude Include="$(GitHub_rl_libs)tools\rlFON\!include\rlfnt.hpp">
      <Filter>Header Files\dev</Filter>
    </ClInclude>
    <ClInclude Include="$(GitHub_rl_libs)tools\rlFON\!include\parser.hpp">
      <Filter>Header Files\dev</Filter>
    </ClInclude>
    <ClInclude Include="$(GitHub_rl_libs)tools\rlFON\!include\consoleui.hpp">
      <Filter>Header Files\dev</Filter>
    </ClInclude>
  </ItemGroup>
  <ItemGroup>
    <ResourceCompile Include="$(GitHub_rl_libs)tools\rlFON\FontFace\resource.rc">
      <Filter>Resource Files</Filter>
    </ResourceCompile>
  </ItemGroup>
</Project>