<?xml version="1.0" encoding="utf-8"?>
<Project ToolsVersion="4.0" xmlns="http://schemas.microsoft.com/developer/msbuild/2003">
  <ItemGroup>
    <Filter Include="Source Files">
      <UniqueIdentifier>{4FC737F1-C7A5-4376-A066-2A32D752A2FF}</UniqueIdentifier>
      <Extensions>cpp;c;cc;cxx;c++;cppm;ixx;def;odl;idl;hpj;bat;asm;asmx</Extensions>
    </Filter>
    <Filter Include="Header Files">
      <UniqueIdentifier>{93995380-89BD-4b04-88EB-625FBE52EBFB}</UniqueIdentifier>
      <Extensions>h;hh;hpp;hxx;h++;hm;inl;inc;ipp;xsd</Extensions>
    </Filter>
    <Filter Include="Resource Files">
      <UniqueIdentifier>{67DA6AB6-F800-4c08-8B7A-83BB121AAD01}</UniqueIdentifier>
      <Extensions>rc;ico;cur;bmp;dlg;rc2;rct;bin;rgs;gif;jpg;jpeg;jpe;resx;tiff;tif;png;wav;mfcribbon-ms</Extensions>
    </Filter>
  </ItemGroup>
  <ItemGroup>
    <ClInclude Include="..\..\include\rl\graphics.fonts.bitmap.legacy.hpp">
      <Filter>Header Files</Filter>
    </ClInclude>
    <ClInclude Include="..\..\include\rl\graphics.fonts.bitmap.reader.hpp">
      <Filter>Header Files</Filter>
    </ClInclude>
    <ClInclude Include="..\..\include\rl\graphics.opengl.gui.hpp">
      <Filter>Header Files</Filter>
    </ClInclude>
    <ClInclude Include="..\..\include\rl\graphics.opengl.texture.hpp">
      <Filter>Header Files</Filter>
    </ClInclude>
    <ClInclude Include="..\..\include\rl\graphics.opengl.types.hpp">
      <Filter>Header Files</Filter>
    </ClInclude>
    <ClInclude Include="..\..\include\rl\graphics.opengl.window.hpp">
      <Filter>Header Files</Filter>
    </ClInclude>
    <ClInclude Include="..\..\include\rl\input.keyboard.hpp">
      <Filter>Header Files</Filter>
    </ClInclude>
    <ClInclude Include="..\..\include\rl\input.mouse.hpp">
      <Filter>Header Files</Filter>
    </ClInclude>
    <ClInclude Include="..\..\include\rl\splashscreen.hpp">
      <Filter>Header Files</Filter>
    </ClInclude>
    <ClInclude Include="..\..\include\rl\text.fileio.hpp">
      <Filter>Header Files</Filter>
    </ClInclude>
    <ClInclude Include="..\..\include\rl\tools.gdiplus.hpp">
      <Filter>Header Files</Filter>
    </ClInclude>
    <ClInclude Include="..\..\include\rl\tools.hresult.hpp">
      <Filter>Header Files</Filter>
    </ClInclude>
    <ClInclude Include="..\..\include\rl\tools.textencoding.hpp">
      <Filter>Header Files</Filter>
    </ClInclude>
    <ClInclude Include="..\..\include\rl\unicode.hpp">
      <Filter>Header Files</Filter>
    </ClInclude>
    <ClInclude Include="..\..\include\rl\visualstyles.h">
      <Filter>Header Files</Filter>
    </ClInclude>
    <ClInclude Include="..\..\include\rl\audio.devices.hpp">
      <Filter>Header Files</Filter>
    </ClInclude>
    <ClInclude Include="..\..\include\rl\audio.engine.hpp">
      <Filter>Header Files</Filter>
    </ClInclude>
    <ClInclude Include="..\..\include\rl\commandline.hpp">
      <Filter>Header Files</Filter>
    </ClInclude>
    <ClInclude Include="..\..\include\rl\console.hpp">
      <Filter>Header Files</Filter>
    </ClInclude>
    <ClInclude Include="..\..\include\rl\data.endian.hpp">
      <Filter>Header Files</Filter>
    </ClInclude>
    <ClInclude Include="..\..\include\rl\data.online.hpp">
      <Filter>Header Files</Filter>
    </ClInclude>
    <ClInclude Include="..\..\include\rl\data.resourceloader.hpp">
      <Filter>Header Files</Filter>
    </ClInclude>
    <ClInclude Include="..\..\include\rl\graphics.fonts.bitmap.creator.hpp">
      <Filter>Header Files</Filter>
    </ClInclude>
    <ClInclude Include="..\..\include\rl\dev.msbuild.hpp">
      <Filter>Header Files</Filter>
    </ClInclude>
    <ClInclude Include="..\..\include\rl\runasadmin.hpp">
      <Filter>Header Files</Filter>
    </ClInclude>
  </ItemGroup>
  <ItemGroup>
    <ClCompile Include="..\graphics.fonts.bitmap.legacy.cpp">
      <Filter>Source Files</Filter>
    </ClCompile>
    <ClCompile Include="..\graphics.fonts.bitmap.reader.cpp">
      <Filter>Source Files</Filter>
    </ClCompile>
    <ClCompile Include="..\graphics.opengl.gui.cpp">
      <Filter>Source Files</Filter>
    </ClCompile>
    <ClCompile Include="..\graphics.opengl.texture.cpp">
      <Filter>Source Files</Filter>
    </ClCompile>
    <ClCompile Include="..\graphics.opengl.types.cpp">
      <Filter>Source Files</Filter>
    </ClCompile>
    <ClCompile Include="..\graphics.opengl.window.cpp">
      <Filter>Source Files</Filter>
    </ClCompile>
    <ClCompile Include="..\input.keyboard.cpp">
      <Filter>Source Files</Filter>
    </ClCompile>
    <ClCompile Include="..\input.mouse.cpp">
      <Filter>Source Files</Filter>
    </ClCompile>
    <ClCompile Include="..\splashscreen.cpp">
      <Filter>Source Files</Filter>
    </ClCompile>
    <ClCompile Include="..\text.fileio.cpp">
      <Filter>Source Files</Filter>
    </ClCompile>
    <ClCompile Include="..\unicode.cpp">
      <Filter>Source Files</Filter>
    </ClCompile>
    <ClCompile Include="..\audio.devices.cpp">
      <Filter>Source Files</Filter>
    </ClCompile>
    <ClCompile Include="..\audio.engine.cpp">
      <Filter>Source Files</Filter>
    </ClCompile>
    <ClCompile Include="..\commandline.cpp">
      <Filter>Source Files</Filter>
    </ClCompile>
    <ClCompile Include="..\console.cpp">
      <Filter>Source Files</Filter>
    </ClCompile>
    <ClCompile Include="..\data.online.cpp">
      <Filter>Source Files</Filter>
    </ClCompile>
    <ClCompile Include="..\data.resourceloader.cpp">
      <Filter>Source Files</Filter>
    </ClCompile>
    <ClCompile Include="..\graphics.fonts.bitmap.creator.cpp">
      <Filter>Source Files</Filter>
    </ClCompile>
    <ClCompile Include="..\dev.msbuild.cpp">
      <Filter>Source Files</Filter>
    </ClCompile>
    <ClCompile Include="..\runasadmin.cpp">
      <Filter>Source Files</Filter>
    </ClCompile>
  </ItemGroup>
</Project>