
Microsoft Visual Studio Solution File, Format Version 12.00
# Visual Studio Version 16
VisualStudioVersion = 16.0.31205.134
MinimumVisualStudioVersion = 10.0.40219.1
Project("{8BC9CEB8-8B4A-11D0-8D11-00A0C91BC942}") = "rlOpenGLWin", "rlOpenGLWin\rlOpenGLWin.vcxproj", "{29ADBE36-20E1-4513-8B4D-3FA479DE1177}"
EndProject
Project("{8BC9CEB8-8B4A-11D0-8D11-00A0C91BC942}") = "rlSplashScreen", "rlSplashScreen\rlSplashScreen.vcxproj", "{36278131-5FA4-4994-8D41-C04DB4713CFB}"
EndProject
Project("{8BC9CEB8-8B4A-11D0-8D11-00A0C91BC942}") = "General", "General\General.vcxproj", "{5B2C69BA-26C2-4528-83CC-7BCEDF33AC54}"
EndProject
Project("{8BC9CEB8-8B4A-11D0-8D11-00A0C91BC942}") = "rlAudioStream", "rlAudioStream\rlAudioStream.vcxproj", "{4C0702FB-48CC-4860-A3F9-AF6CAA059AB8}"
EndProject
Global
	GlobalSection(SolutionConfigurationPlatforms) = preSolution
		Debug|x64 = Debug|x64
		Debug|x86 = Debug|x86
		Release|x64 = Release|x64
		Release|x86 = Release|x86
	EndGlobalSection
	GlobalSection(ProjectConfigurationPlatforms) = postSolution
		{29ADBE36-20E1-4513-8B4D-3FA479DE1177}.Debug|x64.ActiveCfg = Debug|x64
		{29ADBE36-20E1-4513-8B4D-3FA479DE1177}.Debug|x64.Build.0 = Debug|x64
		{29ADBE36-20E1-4513-8B4D-3FA479DE1177}.Debug|x86.ActiveCfg = Debug|Win32
		{29ADBE36-20E1-4513-8B4D-3FA479DE1177}.Debug|x86.Build.0 = Debug|Win32
		{29ADBE36-20E1-4513-8B4D-3FA479DE1177}.Release|x64.ActiveCfg = Release|x64
		{29ADBE36-20E1-4513-8B4D-3FA479DE1177}.Release|x64.Build.0 = Release|x64
		{29ADBE36-20E1-4513-8B4D-3FA479DE1177}.Release|x86.ActiveCfg = Release|Win32
		{29ADBE36-20E1-4513-8B4D-3FA479DE1177}.Release|x86.Build.0 = Release|Win32
		{36278131-5FA4-4994-8D41-C04DB4713CFB}.Debug|x64.ActiveCfg = Debug|x64
		{36278131-5FA4-4994-8D41-C04DB4713CFB}.Debug|x64.Build.0 = Debug|x64
		{36278131-5FA4-4994-8D41-C04DB4713CFB}.Debug|x86.ActiveCfg = Debug|Win32
		{36278131-5FA4-4994-8D41-C04DB4713CFB}.Debug|x86.Build.0 = Debug|Win32
		{36278131-5FA4-4994-8D41-C04DB4713CFB}.Release|x64.ActiveCfg = Release|x64
		{36278131-5FA4-4994-8D41-C04DB4713CFB}.Release|x64.Build.0 = Release|x64
		{36278131-5FA4-4994-8D41-C04DB4713CFB}.Release|x86.ActiveCfg = Release|Win32
		{36278131-5FA4-4994-8D41-C04DB4713CFB}.Release|x86.Build.0 = Release|Win32
		{5B2C69BA-26C2-4528-83CC-7BCEDF33AC54}.Debug|x64.ActiveCfg = Debug|x64
		{5B2C69BA-26C2-4528-83CC-7BCEDF33AC54}.Debug|x64.Build.0 = Debug|x64
		{5B2C69BA-26C2-4528-83CC-7BCEDF33AC54}.Debug|x86.ActiveCfg = Debug|Win32
		{5B2C69BA-26C2-4528-83CC-7BCEDF33AC54}.Debug|x86.Build.0 = Debug|Win32
		{5B2C69BA-26C2-4528-83CC-7BCEDF33AC54}.Release|x64.ActiveCfg = Release|x64
		{5B2C69BA-26C2-4528-83CC-7BCEDF33AC54}.Release|x64.Build.0 = Release|x64
		{5B2C69BA-26C2-4528-83CC-7BCEDF33AC54}.Release|x86.ActiveCfg = Release|Win32
		{5B2C69BA-26C2-4528-83CC-7BCEDF33AC54}.Release|x86.Build.0 = Release|Win32
		{4C0702FB-48CC-4860-A3F9-AF6CAA059AB8}.Debug|x64.ActiveCfg = Debug|x64
		{4C0702FB-48CC-4860-A3F9-AF6CAA059AB8}.Debug|x64.Build.0 = Debug|x64
		{4C0702FB-48CC-4860-A3F9-AF6CAA059AB8}.Debug|x86.ActiveCfg = Debug|Win32
		{4C0702FB-48CC-4860-A3F9-AF6CAA059AB8}.Debug|x86.Build.0 = Debug|Win32
		{4C0702FB-48CC-4860-A3F9-AF6CAA059AB8}.Release|x64.ActiveCfg = Release|x64
		{4C0702FB-48CC-4860-A3F9-AF6CAA059AB8}.Release|x64.Build.0 = Release|x64
		{4C0702FB-48CC-4860-A3F9-AF6CAA059AB8}.Release|x86.ActiveCfg = Release|Win32
		{4C0702FB-48CC-4860-A3F9-AF6CAA059AB8}.Release|x86.Build.0 = Release|Win32
	EndGlobalSection
	GlobalSection(SolutionProperties) = preSolution
		HideSolutionNode = FALSE
	EndGlobalSection
	GlobalSection(ExtensibilityGlobals) = postSolution
		SolutionGuid = {F9DA5D00-588F-4EAB-91C4-B500176A5907}
	EndGlobalSection
EndGlobal
